{
  "version": 4,
  "terraform_version": "1.7.4",
  "serial": 4,
  "lineage": "9a497fed-2f3b-4337-0ffc-33a3f6ae43df",
  "outputs": {
    "PROYECT_NAME": {
      "value": "terraform-proyect-uat",
      "type": "string"
    }
  },
  "resources": [
    {
      "mode": "managed",
      "type": "google_project",
      "name": "my_project",
      "provider": "provider[\"registry.terraform.io/hashicorp/google\"]",
      "instances": [
        {
          "schema_version": 1,
          "attributes": {
            "auto_create_network": true,
            "billing_account": null,
            "effective_labels": {},
            "folder_id": null,
            "id": "projects/terraform-proyect-uat",
            "labels": null,
            "name": "terraform-proyect-uat",
            "number": "467957275077",
            "org_id": null,
            "project_id": "terraform-proyect-uat",
            "skip_delete": null,
            "terraform_labels": {},
            "timeouts": null
          },
          "sensitive_attributes": [],
          "private": "eyJlMmJmYjczMC1lY2FhLTExZTYtOGY4OC0zNDM2M2JjN2M0YzAiOnsiY3JlYXRlIjo2MDAwMDAwMDAwMDAsImRlbGV0ZSI6NjAwMDAwMDAwMDAwLCJyZWFkIjo2MDAwMDAwMDAwMDAsInVwZGF0ZSI6NjAwMDAwMDAwMDAwfSwic2NoZW1hX3ZlcnNpb24iOiIxIn0="
        }
      ]
    }
  ],
  "check_results": null
}
